// !$*UTF8*$!
{
	archiveVersion = 1;
	classes = {
	};
	objectVersion = 52;
	objects = {

/* Begin PBXBuildFile section */
		8E26BAB2257DAC0200978446 /* AppDelegate.swift in Sources */ = {isa = PBXBuildFile; fileRef = 8E26BAB1257DAC0200978446 /* AppDelegate.swift */; };
		8E26BAB6257DAC0200978446 /* PointCloudCaptureViewController.swift in Sources */ = {isa = PBXBuildFile; fileRef = 8E26BAB5257DAC0200978446 /* PointCloudCaptureViewController.swift */; };
		8E26BAB9257DAC0200978446 /* Main.storyboard in Resources */ = {isa = PBXBuildFile; fileRef = 8E26BAB7257DAC0200978446 /* Main.storyboard */; };
		8E26BABB257DAC0500978446 /* Assets.xcassets in Resources */ = {isa = PBXBuildFile; fileRef = 8E26BABA257DAC0500978446 /* Assets.xcassets */; };
		8E26BABE257DAC0500978446 /* LaunchScreen.storyboard in Resources */ = {isa = PBXBuildFile; fileRef = 8E26BABC257DAC0500978446 /* LaunchScreen.storyboard */; };
		8E26BAC9257DAC0500978446 /* MetraTests.swift in Sources */ = {isa = PBXBuildFile; fileRef = 8E26BAC8257DAC0500978446 /* MetraTests.swift */; };
		8E26BAD4257DAC0500978446 /* MetraUITests.swift in Sources */ = {isa = PBXBuildFile; fileRef = 8E26BAD3257DAC0500978446 /* MetraUITests.swift */; };
		8E26BAE9257DACA400978446 /* Shaders.metal in Sources */ = {isa = PBXBuildFile; fileRef = 8E26BAE5257DACA400978446 /* Shaders.metal */; };
		8E26BAEA257DACA400978446 /* MetalBuffer.swift in Sources */ = {isa = PBXBuildFile; fileRef = 8E26BAE6257DACA400978446 /* MetalBuffer.swift */; };
		8E26BAEB257DACA400978446 /* Helpers.swift in Sources */ = {isa = PBXBuildFile; fileRef = 8E26BAE7257DACA400978446 /* Helpers.swift */; };
		8E26BAEC257DACA400978446 /* Renderer.swift in Sources */ = {isa = PBXBuildFile; fileRef = 8E26BAE8257DACA400978446 /* Renderer.swift */; };
		8E4F2DF82597145C001553B2 /* AboutViewModel.swift in Sources */ = {isa = PBXBuildFile; fileRef = 8E4F2DF72597145C001553B2 /* AboutViewModel.swift */; };
		8E5B4709259AC20400FE4AF7 /* About.storyboard in Resources */ = {isa = PBXBuildFile; fileRef = 8E5B4708259AC20400FE4AF7 /* About.storyboard */; };
		8E5B470E259AC20E00FE4AF7 /* AboutViewController.swift in Sources */ = {isa = PBXBuildFile; fileRef = 8E5B470D259AC20E00FE4AF7 /* AboutViewController.swift */; };
		8E5B4716259C085800FE4AF7 /* UIViewController+ARKitSupportCheck.swift in Sources */ = {isa = PBXBuildFile; fileRef = 8E5B4715259C085800FE4AF7 /* UIViewController+ARKitSupportCheck.swift */; };
		8EE6553925A9873400CB4BF3 /* UIButton+IBDesignable.swift in Sources */ = {isa = PBXBuildFile; fileRef = 8EE6553825A9873400CB4BF3 /* UIButton+IBDesignable.swift */; };
		8EE6554D25A9BACD00CB4BF3 /* VTKExporter.mm in Sources */ = {isa = PBXBuildFile; fileRef = 8EE6554C25A9BACD00CB4BF3 /* VTKExporter.mm */; };
		EE0122912589E07B006AEC97 /* Vertex.swift in Sources */ = {isa = PBXBuildFile; fileRef = EE0122902589E07B006AEC97 /* Vertex.swift */; };
		EE0122962589E083006AEC97 /* PolygonFileFormat.swift in Sources */ = {isa = PBXBuildFile; fileRef = EE0122952589E083006AEC97 /* PolygonFileFormat.swift */; };
		EE01F86425873A5F0044A160 /* PointCloudCapture.storyboard in Resources */ = {isa = PBXBuildFile; fileRef = EE01F86225873A5F0044A160 /* PointCloudCapture.storyboard */; };
		EE01F87525873D360044A160 /* UIColor+Palette.swift in Sources */ = {isa = PBXBuildFile; fileRef = EE01F87425873D360044A160 /* UIColor+Palette.swift */; };
		EE01F87E258740090044A160 /* MeshCapture.storyboard in Resources */ = {isa = PBXBuildFile; fileRef = EE01F87D258740090044A160 /* MeshCapture.storyboard */; };
		EE01F884258743960044A160 /* Home.storyboard in Resources */ = {isa = PBXBuildFile; fileRef = EE01F882258743960044A160 /* Home.storyboard */; };
		EE01F88A258743B00044A160 /* HomeViewController.swift in Sources */ = {isa = PBXBuildFile; fileRef = EE01F889258743B00044A160 /* HomeViewController.swift */; };
		EE29199B258857F5003E9C7C /* PointCloudCaptureRenderingService.swift in Sources */ = {isa = PBXBuildFile; fileRef = EE29198F25884116003E9C7C /* PointCloudCaptureRenderingService.swift */; };
		EE2919A325885BC7003E9C7C /* PointCloudCaptureViewModel.swift in Sources */ = {isa = PBXBuildFile; fileRef = EE2919A225885BC7003E9C7C /* PointCloudCaptureViewModel.swift */; };
		EE2919AC25885DF7003E9C7C /* MTKView+RenderDestinationProvider.swift in Sources */ = {isa = PBXBuildFile; fileRef = EE2919AB25885DF7003E9C7C /* MTKView+RenderDestinationProvider.swift */; };
		EE2919B425885F7A003E9C7C /* PointCloudCaptureViewController+ARSessionDelegate.swift in Sources */ = {isa = PBXBuildFile; fileRef = EE2919B325885F7A003E9C7C /* PointCloudCaptureViewController+ARSessionDelegate.swift */; };
		EE5843922589EF740026F6FA /* UTType+PolygonFileFormat.swift in Sources */ = {isa = PBXBuildFile; fileRef = EE5843912589EF740026F6FA /* UTType+PolygonFileFormat.swift */; };
		EE67529F2588BB1500F6FF89 /* MeshCaptureViewController.swift in Sources */ = {isa = PBXBuildFile; fileRef = EE67529E2588BB1500F6FF89 /* MeshCaptureViewController.swift */; };
		EE6752A42588BB4000F6FF89 /* MeshCaptureViewController+CoachingOverlay.swift in Sources */ = {isa = PBXBuildFile; fileRef = EE6752A32588BB4000F6FF89 /* MeshCaptureViewController+CoachingOverlay.swift */; };
		EE6752A92588BB5F00F6FF89 /* ExtensionForMeshCapture.swift in Sources */ = {isa = PBXBuildFile; fileRef = EE6752A82588BB5F00F6FF89 /* ExtensionForMeshCapture.swift */; };
		EE6752B12588BE3500F6FF89 /* AppNavigationController.swift in Sources */ = {isa = PBXBuildFile; fileRef = EE6752B02588BE3500F6FF89 /* AppNavigationController.swift */; };
		EE6752BF2589962D00F6FF89 /* SCNViewerViewModel+PLY.swift in Sources */ = {isa = PBXBuildFile; fileRef = EE6752BE2589962D00F6FF89 /* SCNViewerViewModel+PLY.swift */; };
		EE675FD225AD38FA00637ABE /* VTKPolyDataProcessors.mm in Sources */ = {isa = PBXBuildFile; fileRef = EE675FD125AD38FA00637ABE /* VTKPolyDataProcessors.mm */; };
		EE68749F258C708400FDAA7C /* Wrapper.cpp in Sources */ = {isa = PBXBuildFile; fileRef = EE68749E258C708400FDAA7C /* Wrapper.cpp */; };
		EE68756325A42AFC00FDAA7C /* vtk.framework in Frameworks */ = {isa = PBXBuildFile; fileRef = EE68756225A42AFC00FDAA7C /* vtk.framework */; };
		EE68759125A4681B00FDAA7C /* VTKLoader.mm in Sources */ = {isa = PBXBuildFile; fileRef = EE68759025A4681B00FDAA7C /* VTKLoader.mm */; };
		EE68759725A4692B00FDAA7C /* VTKViewerViewController.mm in Sources */ = {isa = PBXBuildFile; fileRef = EE68759525A4692B00FDAA7C /* VTKViewerViewController.mm */; };
		EE6875A125A4696700FDAA7C /* VTKGestureHandler.mm in Sources */ = {isa = PBXBuildFile; fileRef = EE6875A025A4696700FDAA7C /* VTKGestureHandler.mm */; };
		EE6875A725A4698700FDAA7C /* VTKView.mm in Sources */ = {isa = PBXBuildFile; fileRef = EE6875A525A4698700FDAA7C /* VTKView.mm */; };
		EE6875B125A5453800FDAA7C /* VTKViewer.storyboard in Resources */ = {isa = PBXBuildFile; fileRef = EE6875B025A5453800FDAA7C /* VTKViewer.storyboard */; };
		EE864EDC25ABEE7400494C19 /* VTKPointsProcessors.mm in Sources */ = {isa = PBXBuildFile; fileRef = EE864EDB25ABEE7400494C19 /* VTKPointsProcessors.mm */; };
		EE92B11625AF0B1000627DF9 /* keyboard_capture.ply in Resources */ = {isa = PBXBuildFile; fileRef = EE92B11225AF0AAC00627DF9 /* keyboard_capture.ply */; };
		EEB0BE74258762C9008D1D0B /* PointCloudCaptureViewController+CoachingOverlay.swift in Sources */ = {isa = PBXBuildFile; fileRef = EEB0BE73258762C9008D1D0B /* PointCloudCaptureViewController+CoachingOverlay.swift */; };
		EEBA7B592583432C0000AD1A /* SCNViewerViewModel+SCN.swift in Sources */ = {isa = PBXBuildFile; fileRef = EEBA7B582583432C0000AD1A /* SCNViewerViewModel+SCN.swift */; };
		EEBA7B6125835F700000AD1A /* SCNViewerViewController.swift in Sources */ = {isa = PBXBuildFile; fileRef = EEBA7B6025835F700000AD1A /* SCNViewerViewController.swift */; };
		EEBA7B6A2583607B0000AD1A /* SCNViewerViewModel.swift in Sources */ = {isa = PBXBuildFile; fileRef = EEBA7B692583607B0000AD1A /* SCNViewerViewModel.swift */; };
		EECF26262589BEE20007746A /* PolygonFileFormat+Ascii.swift in Sources */ = {isa = PBXBuildFile; fileRef = EECF26252589BEE20007746A /* PolygonFileFormat+Ascii.swift */; };
		EEE90365257DFFB700A682D8 /* SnapKit in Frameworks */ = {isa = PBXBuildFile; productRef = EEE90364257DFFB700A682D8 /* SnapKit */; };
		EEE9036A257E02C100A682D8 /* UIView+blur.swift in Sources */ = {isa = PBXBuildFile; fileRef = EEE90369257E02C100A682D8 /* UIView+blur.swift */; };
/* End PBXBuildFile section */

/* Begin PBXContainerItemProxy section */
		8E26BAC5257DAC0500978446 /* PBXContainerItemProxy */ = {
			isa = PBXContainerItemProxy;
			containerPortal = 8E26BAA6257DAC0200978446 /* Project object */;
			proxyType = 1;
			remoteGlobalIDString = 8E26BAAD257DAC0200978446;
			remoteInfo = Metra;
		};
		8E26BAD0257DAC0500978446 /* PBXContainerItemProxy */ = {
			isa = PBXContainerItemProxy;
			containerPortal = 8E26BAA6257DAC0200978446 /* Project object */;
			proxyType = 1;
			remoteGlobalIDString = 8E26BAAD257DAC0200978446;
			remoteInfo = Metra;
		};
/* End PBXContainerItemProxy section */

/* Begin PBXFileReference section */
		8E26BAAE257DAC0200978446 /* PointCloudKit.app */ = {isa = PBXFileReference; explicitFileType = wrapper.application; includeInIndex = 0; path = PointCloudKit.app; sourceTree = BUILT_PRODUCTS_DIR; };
		8E26BAB1257DAC0200978446 /* AppDelegate.swift */ = {isa = PBXFileReference; lastKnownFileType = sourcecode.swift; path = AppDelegate.swift; sourceTree = "<group>"; };
		8E26BAB5257DAC0200978446 /* PointCloudCaptureViewController.swift */ = {isa = PBXFileReference; lastKnownFileType = sourcecode.swift; path = PointCloudCaptureViewController.swift; sourceTree = "<group>"; };
		8E26BAB8257DAC0200978446 /* Base */ = {isa = PBXFileReference; lastKnownFileType = file.storyboard; name = Base; path = Base.lproj/Main.storyboard; sourceTree = "<group>"; };
		8E26BABA257DAC0500978446 /* Assets.xcassets */ = {isa = PBXFileReference; lastKnownFileType = folder.assetcatalog; path = Assets.xcassets; sourceTree = "<group>"; };
		8E26BABD257DAC0500978446 /* Base */ = {isa = PBXFileReference; lastKnownFileType = file.storyboard; name = Base; path = Base.lproj/LaunchScreen.storyboard; sourceTree = "<group>"; };
		8E26BAC4257DAC0500978446 /* PointCloudKitTests.xctest */ = {isa = PBXFileReference; explicitFileType = wrapper.cfbundle; includeInIndex = 0; path = PointCloudKitTests.xctest; sourceTree = BUILT_PRODUCTS_DIR; };
		8E26BAC8257DAC0500978446 /* MetraTests.swift */ = {isa = PBXFileReference; lastKnownFileType = sourcecode.swift; path = MetraTests.swift; sourceTree = "<group>"; };
		8E26BACA257DAC0500978446 /* Info.plist */ = {isa = PBXFileReference; lastKnownFileType = text.plist.xml; path = Info.plist; sourceTree = "<group>"; };
		8E26BACF257DAC0500978446 /* PointCloudKitUITests.xctest */ = {isa = PBXFileReference; explicitFileType = wrapper.cfbundle; includeInIndex = 0; path = PointCloudKitUITests.xctest; sourceTree = BUILT_PRODUCTS_DIR; };
		8E26BAD3257DAC0500978446 /* MetraUITests.swift */ = {isa = PBXFileReference; lastKnownFileType = sourcecode.swift; path = MetraUITests.swift; sourceTree = "<group>"; };
		8E26BAD5257DAC0500978446 /* Info.plist */ = {isa = PBXFileReference; lastKnownFileType = text.plist.xml; path = Info.plist; sourceTree = "<group>"; };
		8E26BAE4257DACA400978446 /* ShaderTypes.h */ = {isa = PBXFileReference; fileEncoding = 4; lastKnownFileType = sourcecode.c.h; path = ShaderTypes.h; sourceTree = "<group>"; };
		8E26BAE5257DACA400978446 /* Shaders.metal */ = {isa = PBXFileReference; fileEncoding = 4; lastKnownFileType = sourcecode.metal; path = Shaders.metal; sourceTree = "<group>"; };
		8E26BAE6257DACA400978446 /* MetalBuffer.swift */ = {isa = PBXFileReference; fileEncoding = 4; lastKnownFileType = sourcecode.swift; path = MetalBuffer.swift; sourceTree = "<group>"; };
		8E26BAE7257DACA400978446 /* Helpers.swift */ = {isa = PBXFileReference; fileEncoding = 4; lastKnownFileType = sourcecode.swift; path = Helpers.swift; sourceTree = "<group>"; };
		8E26BAE8257DACA400978446 /* Renderer.swift */ = {isa = PBXFileReference; fileEncoding = 4; lastKnownFileType = sourcecode.swift; path = Renderer.swift; sourceTree = "<group>"; };
		8E26BB04257DAE1B00978446 /* Info.plist */ = {isa = PBXFileReference; fileEncoding = 4; lastKnownFileType = text.plist.xml; path = Info.plist; sourceTree = "<group>"; };
		8E4F2DF72597145C001553B2 /* AboutViewModel.swift */ = {isa = PBXFileReference; lastKnownFileType = sourcecode.swift; path = AboutViewModel.swift; sourceTree = "<group>"; };
		8E5B4708259AC20400FE4AF7 /* About.storyboard */ = {isa = PBXFileReference; lastKnownFileType = file.storyboard; path = About.storyboard; sourceTree = "<group>"; };
		8E5B470D259AC20E00FE4AF7 /* AboutViewController.swift */ = {isa = PBXFileReference; lastKnownFileType = sourcecode.swift; path = AboutViewController.swift; sourceTree = "<group>"; };
		8E5B4715259C085800FE4AF7 /* UIViewController+ARKitSupportCheck.swift */ = {isa = PBXFileReference; lastKnownFileType = sourcecode.swift; path = "UIViewController+ARKitSupportCheck.swift"; sourceTree = "<group>"; };
		8EE6553825A9873400CB4BF3 /* UIButton+IBDesignable.swift */ = {isa = PBXFileReference; lastKnownFileType = sourcecode.swift; path = "UIButton+IBDesignable.swift"; sourceTree = "<group>"; };
		8EE6554C25A9BACD00CB4BF3 /* VTKExporter.mm */ = {isa = PBXFileReference; lastKnownFileType = sourcecode.cpp.objcpp; path = VTKExporter.mm; sourceTree = "<group>"; };
		8EE6555425A9BAFB00CB4BF3 /* VTKExporter.h */ = {isa = PBXFileReference; lastKnownFileType = sourcecode.c.h; path = VTKExporter.h; sourceTree = "<group>"; };
		EE0122902589E07B006AEC97 /* Vertex.swift */ = {isa = PBXFileReference; fileEncoding = 4; lastKnownFileType = sourcecode.swift; path = Vertex.swift; sourceTree = "<group>"; };
		EE0122952589E083006AEC97 /* PolygonFileFormat.swift */ = {isa = PBXFileReference; fileEncoding = 4; lastKnownFileType = sourcecode.swift; path = PolygonFileFormat.swift; sourceTree = "<group>"; };
		EE01F86325873A5F0044A160 /* Base */ = {isa = PBXFileReference; lastKnownFileType = file.storyboard; name = Base; path = Metra/Resources/Base.lproj/PointCloudCapture.storyboard; sourceTree = "<group>"; };
		EE01F87425873D360044A160 /* UIColor+Palette.swift */ = {isa = PBXFileReference; lastKnownFileType = sourcecode.swift; path = "UIColor+Palette.swift"; sourceTree = "<group>"; };
		EE01F87D258740090044A160 /* MeshCapture.storyboard */ = {isa = PBXFileReference; lastKnownFileType = file.storyboard; path = MeshCapture.storyboard; sourceTree = "<group>"; };
		EE01F883258743960044A160 /* Base */ = {isa = PBXFileReference; lastKnownFileType = file.storyboard; name = Base; path = Metra/Resources/Base.lproj/Home.storyboard; sourceTree = "<group>"; };
		EE01F889258743B00044A160 /* HomeViewController.swift */ = {isa = PBXFileReference; lastKnownFileType = sourcecode.swift; path = HomeViewController.swift; sourceTree = "<group>"; };
		EE17E8A125821BA200F6DADF /* PointCloudKit.entitlements */ = {isa = PBXFileReference; lastKnownFileType = text.plist.entitlements; path = PointCloudKit.entitlements; sourceTree = "<group>"; };
		EE29198F25884116003E9C7C /* PointCloudCaptureRenderingService.swift */ = {isa = PBXFileReference; lastKnownFileType = sourcecode.swift; path = PointCloudCaptureRenderingService.swift; sourceTree = "<group>"; };
		EE2919A225885BC7003E9C7C /* PointCloudCaptureViewModel.swift */ = {isa = PBXFileReference; lastKnownFileType = sourcecode.swift; path = PointCloudCaptureViewModel.swift; sourceTree = "<group>"; };
		EE2919AB25885DF7003E9C7C /* MTKView+RenderDestinationProvider.swift */ = {isa = PBXFileReference; lastKnownFileType = sourcecode.swift; path = "MTKView+RenderDestinationProvider.swift"; sourceTree = "<group>"; };
		EE2919B325885F7A003E9C7C /* PointCloudCaptureViewController+ARSessionDelegate.swift */ = {isa = PBXFileReference; lastKnownFileType = sourcecode.swift; path = "PointCloudCaptureViewController+ARSessionDelegate.swift"; sourceTree = "<group>"; };
		EE5843912589EF740026F6FA /* UTType+PolygonFileFormat.swift */ = {isa = PBXFileReference; lastKnownFileType = sourcecode.swift; path = "UTType+PolygonFileFormat.swift"; sourceTree = "<group>"; };
		EE5A4D7F25A69F3C00601B6F /* PointCloudKit-Swift.h */ = {isa = PBXFileReference; lastKnownFileType = sourcecode.c.h; path = "PointCloudKit-Swift.h"; sourceTree = "<group>"; };
		EE67529E2588BB1500F6FF89 /* MeshCaptureViewController.swift */ = {isa = PBXFileReference; lastKnownFileType = sourcecode.swift; path = MeshCaptureViewController.swift; sourceTree = "<group>"; };
		EE6752A32588BB4000F6FF89 /* MeshCaptureViewController+CoachingOverlay.swift */ = {isa = PBXFileReference; lastKnownFileType = sourcecode.swift; path = "MeshCaptureViewController+CoachingOverlay.swift"; sourceTree = "<group>"; };
		EE6752A82588BB5F00F6FF89 /* ExtensionForMeshCapture.swift */ = {isa = PBXFileReference; lastKnownFileType = sourcecode.swift; path = ExtensionForMeshCapture.swift; sourceTree = "<group>"; };
		EE6752B02588BE3500F6FF89 /* AppNavigationController.swift */ = {isa = PBXFileReference; lastKnownFileType = sourcecode.swift; path = AppNavigationController.swift; sourceTree = "<group>"; };
		EE6752BE2589962D00F6FF89 /* SCNViewerViewModel+PLY.swift */ = {isa = PBXFileReference; lastKnownFileType = sourcecode.swift; path = "SCNViewerViewModel+PLY.swift"; sourceTree = "<group>"; };
		EE675FD125AD38FA00637ABE /* VTKPolyDataProcessors.mm */ = {isa = PBXFileReference; lastKnownFileType = sourcecode.cpp.objcpp; path = VTKPolyDataProcessors.mm; sourceTree = "<group>"; };
		EE675FD625AD397000637ABE /* VTKPolyDataProcessors.h */ = {isa = PBXFileReference; lastKnownFileType = sourcecode.c.h; path = VTKPolyDataProcessors.h; sourceTree = "<group>"; };
		EE68749E258C708400FDAA7C /* Wrapper.cpp */ = {isa = PBXFileReference; lastKnownFileType = sourcecode.cpp.cpp; path = Wrapper.cpp; sourceTree = "<group>"; };
		EE68756225A42AFC00FDAA7C /* vtk.framework */ = {isa = PBXFileReference; lastKnownFileType = wrapper.framework; name = vtk.framework; path = ../../../../usr/local/Frameworks/vtk.framework; sourceTree = "<group>"; };
		EE68758F25A4681B00FDAA7C /* VTKLoader.h */ = {isa = PBXFileReference; fileEncoding = 4; lastKnownFileType = sourcecode.c.h; path = VTKLoader.h; sourceTree = "<group>"; };
		EE68759025A4681B00FDAA7C /* VTKLoader.mm */ = {isa = PBXFileReference; fileEncoding = 4; lastKnownFileType = sourcecode.cpp.objcpp; path = VTKLoader.mm; sourceTree = "<group>"; };
		EE68759525A4692B00FDAA7C /* VTKViewerViewController.mm */ = {isa = PBXFileReference; fileEncoding = 4; lastKnownFileType = sourcecode.cpp.objcpp; path = VTKViewerViewController.mm; sourceTree = "<group>"; };
		EE68759625A4692B00FDAA7C /* VTKViewerViewController.h */ = {isa = PBXFileReference; fileEncoding = 4; lastKnownFileType = sourcecode.c.h; path = VTKViewerViewController.h; sourceTree = "<group>"; };
		EE68759F25A4696600FDAA7C /* VTKGestureHandler.h */ = {isa = PBXFileReference; fileEncoding = 4; lastKnownFileType = sourcecode.c.h; path = VTKGestureHandler.h; sourceTree = "<group>"; };
		EE6875A025A4696700FDAA7C /* VTKGestureHandler.mm */ = {isa = PBXFileReference; fileEncoding = 4; lastKnownFileType = sourcecode.cpp.objcpp; path = VTKGestureHandler.mm; sourceTree = "<group>"; };
		EE6875A525A4698700FDAA7C /* VTKView.mm */ = {isa = PBXFileReference; fileEncoding = 4; lastKnownFileType = sourcecode.cpp.objcpp; path = VTKView.mm; sourceTree = "<group>"; };
		EE6875A625A4698700FDAA7C /* VTKView.h */ = {isa = PBXFileReference; fileEncoding = 4; lastKnownFileType = sourcecode.c.h; path = VTKView.h; sourceTree = "<group>"; };
		EE6875B025A5453800FDAA7C /* VTKViewer.storyboard */ = {isa = PBXFileReference; fileEncoding = 4; lastKnownFileType = file.storyboard; path = VTKViewer.storyboard; sourceTree = "<group>"; };
		EE864ED725ABEDE700494C19 /* VTKPointsProcessors.h */ = {isa = PBXFileReference; lastKnownFileType = sourcecode.c.h; path = VTKPointsProcessors.h; sourceTree = "<group>"; };
		EE864EDB25ABEE7400494C19 /* VTKPointsProcessors.mm */ = {isa = PBXFileReference; lastKnownFileType = sourcecode.cpp.objcpp; path = VTKPointsProcessors.mm; sourceTree = "<group>"; };
		EE92B11225AF0AAC00627DF9 /* keyboard_capture.ply */ = {isa = PBXFileReference; lastKnownFileType = file; path = keyboard_capture.ply; sourceTree = "<group>"; };
		EEB0BE73258762C9008D1D0B /* PointCloudCaptureViewController+CoachingOverlay.swift */ = {isa = PBXFileReference; lastKnownFileType = sourcecode.swift; path = "PointCloudCaptureViewController+CoachingOverlay.swift"; sourceTree = "<group>"; };
		EEBA7B582583432C0000AD1A /* SCNViewerViewModel+SCN.swift */ = {isa = PBXFileReference; lastKnownFileType = sourcecode.swift; path = "SCNViewerViewModel+SCN.swift"; sourceTree = "<group>"; };
		EEBA7B6025835F700000AD1A /* SCNViewerViewController.swift */ = {isa = PBXFileReference; lastKnownFileType = sourcecode.swift; path = SCNViewerViewController.swift; sourceTree = "<group>"; };
		EEBA7B692583607B0000AD1A /* SCNViewerViewModel.swift */ = {isa = PBXFileReference; lastKnownFileType = sourcecode.swift; path = SCNViewerViewModel.swift; sourceTree = "<group>"; };
		EECB604B25AED0FE00B40EE4 /* dude_small_point_cloud.ply */ = {isa = PBXFileReference; lastKnownFileType = file; path = dude_small_point_cloud.ply; sourceTree = "<group>"; };
		EECB604D25AED0FE00B40EE4 /* glucose.xyz */ = {isa = PBXFileReference; fileEncoding = 4; lastKnownFileType = text; path = glucose.xyz; sourceTree = "<group>"; };
		EECB604E25AED0FE00B40EE4 /* cube.vtk */ = {isa = PBXFileReference; fileEncoding = 4; lastKnownFileType = text; path = cube.vtk; sourceTree = "<group>"; };
		EECB604F25AED0FF00B40EE4 /* dice.obj */ = {isa = PBXFileReference; fileEncoding = 4; lastKnownFileType = text; path = dice.obj; sourceTree = "<group>"; };
		EECB605125AED0FF00B40EE4 /* Menger_sponge_sample.stl */ = {isa = PBXFileReference; lastKnownFileType = file; path = Menger_sponge_sample.stl; sourceTree = "<group>"; };
		EECB607C25AEDC9800B40EE4 /* Menger_sponge_cloud_640.ply */ = {isa = PBXFileReference; lastKnownFileType = file; path = Menger_sponge_cloud_640.ply; sourceTree = "<group>"; };
		EECF26252589BEE20007746A /* PolygonFileFormat+Ascii.swift */ = {isa = PBXFileReference; lastKnownFileType = sourcecode.swift; path = "PolygonFileFormat+Ascii.swift"; sourceTree = "<group>"; };
		EEE90314257DCE9800A682D8 /* PointCloudKit-Bridging-Header.h */ = {isa = PBXFileReference; fileEncoding = 4; lastKnownFileType = sourcecode.c.h; path = "PointCloudKit-Bridging-Header.h"; sourceTree = "<group>"; };
		EEE90369257E02C100A682D8 /* UIView+blur.swift */ = {isa = PBXFileReference; lastKnownFileType = sourcecode.swift; path = "UIView+blur.swift"; sourceTree = "<group>"; };
/* End PBXFileReference section */

/* Begin PBXFrameworksBuildPhase section */
		8E26BAAB257DAC0200978446 /* Frameworks */ = {
			isa = PBXFrameworksBuildPhase;
			buildActionMask = 2147483647;
			files = (
				EE68756325A42AFC00FDAA7C /* vtk.framework in Frameworks */,
				EEE90365257DFFB700A682D8 /* SnapKit in Frameworks */,
			);
			runOnlyForDeploymentPostprocessing = 0;
		};
		8E26BAC1257DAC0500978446 /* Frameworks */ = {
			isa = PBXFrameworksBuildPhase;
			buildActionMask = 2147483647;
			files = (
			);
			runOnlyForDeploymentPostprocessing = 0;
		};
		8E26BACC257DAC0500978446 /* Frameworks */ = {
			isa = PBXFrameworksBuildPhase;
			buildActionMask = 2147483647;
			files = (
			);
			runOnlyForDeploymentPostprocessing = 0;
		};
/* End PBXFrameworksBuildPhase section */

/* Begin PBXGroup section */
		8E26BAA5257DAC0200978446 = {
			isa = PBXGroup;
			children = (
				8E26BAB0257DAC0200978446 /* PointCloudKit */,
				8E26BAC7257DAC0500978446 /* MetraTests */,
				8E26BAD2257DAC0500978446 /* MetraUITests */,
				8E26BAAF257DAC0200978446 /* Products */,
				EE34F6BE258C5D130028EC3F /* Frameworks */,
			);
			sourceTree = "<group>";
		};
		8E26BAAF257DAC0200978446 /* Products */ = {
			isa = PBXGroup;
			children = (
				8E26BAAE257DAC0200978446 /* PointCloudKit.app */,
				8E26BAC4257DAC0500978446 /* PointCloudKitTests.xctest */,
				8E26BACF257DAC0500978446 /* PointCloudKitUITests.xctest */,
			);
			name = Products;
			sourceTree = "<group>";
		};
		8E26BAB0257DAC0200978446 /* PointCloudKit */ = {
			isa = PBXGroup;
			children = (
				EE0122882589E04A006AEC97 /* Model */,
				8E26BAF6257DAD1000978446 /* Library */,
				EE29199425885366003E9C7C /* Services */,
				8E26BAF5257DAD0500978446 /* App */,
				8E26BAF8257DAD2200978446 /* Resources */,
			);
			path = PointCloudKit;
			sourceTree = "<group>";
		};
		8E26BAC7257DAC0500978446 /* MetraTests */ = {
			isa = PBXGroup;
			children = (
				8E26BAC8257DAC0500978446 /* MetraTests.swift */,
				8E26BACA257DAC0500978446 /* Info.plist */,
			);
			path = MetraTests;
			sourceTree = "<group>";
		};
		8E26BAD2257DAC0500978446 /* MetraUITests */ = {
			isa = PBXGroup;
			children = (
				8E26BAD3257DAC0500978446 /* MetraUITests.swift */,
				8E26BAD5257DAC0500978446 /* Info.plist */,
			);
			path = MetraUITests;
			sourceTree = "<group>";
		};
		8E26BAF5257DAD0500978446 /* App */ = {
			isa = PBXGroup;
			children = (
				8E26BAB1257DAC0200978446 /* AppDelegate.swift */,
				8E26BAB7257DAC0200978446 /* Main.storyboard */,
				EE6752B02588BE3500F6FF89 /* AppNavigationController.swift */,
				EE01F8882587439F0044A160 /* Home */,
				EEE90356257DDD1000A682D8 /* PointCloudCapture */,
				EE01F87C25873FF30044A160 /* MeshCapture */,
				8E5B4707259AC1E900FE4AF7 /* About */,
				EE06878225A695C800A8FD4E /* VTKViewer */,
				EEBA7B6525835F8A0000AD1A /* SCNViewer */,
			);
			path = App;
			sourceTree = "<group>";
		};
		8E26BAF6257DAD1000978446 /* Library */ = {
			isa = PBXGroup;
			children = (
				EEE90369257E02C100A682D8 /* UIView+blur.swift */,
				8E5B4715259C085800FE4AF7 /* UIViewController+ARKitSupportCheck.swift */,
				EE01F87425873D360044A160 /* UIColor+Palette.swift */,
				EE2919AB25885DF7003E9C7C /* MTKView+RenderDestinationProvider.swift */,
				EE5843912589EF740026F6FA /* UTType+PolygonFileFormat.swift */,
				8EE6553825A9873400CB4BF3 /* UIButton+IBDesignable.swift */,
				EE68759B25A4693100FDAA7C /* C++ */,
				EEE9034B257DD41700A682D8 /* Metal */,
			);
			path = Library;
			sourceTree = "<group>";
		};
		8E26BAF8257DAD2200978446 /* Resources */ = {
			isa = PBXGroup;
			children = (
				EECB604A25AED0D000B40EE4 /* test3dFiles */,
				EE5A4D7F25A69F3C00601B6F /* PointCloudKit-Swift.h */,
				EEE90314257DCE9800A682D8 /* PointCloudKit-Bridging-Header.h */,
				EE17E8A125821BA200F6DADF /* PointCloudKit.entitlements */,
				8E26BABA257DAC0500978446 /* Assets.xcassets */,
				8E26BABC257DAC0500978446 /* LaunchScreen.storyboard */,
				8E26BB04257DAE1B00978446 /* Info.plist */,
			);
			path = Resources;
			sourceTree = "<group>";
		};
		8E5B4707259AC1E900FE4AF7 /* About */ = {
			isa = PBXGroup;
			children = (
				8E5B4708259AC20400FE4AF7 /* About.storyboard */,
				8E4F2DF72597145C001553B2 /* AboutViewModel.swift */,
				8E5B470D259AC20E00FE4AF7 /* AboutViewController.swift */,
			);
			path = About;
			sourceTree = "<group>";
		};
		EE0122882589E04A006AEC97 /* Model */ = {
			isa = PBXGroup;
			children = (
				EE0122902589E07B006AEC97 /* Vertex.swift */,
				EE0122952589E083006AEC97 /* PolygonFileFormat.swift */,
			);
			path = Model;
			sourceTree = "<group>";
		};
		EE01F85425871CA20044A160 /* Renderer */ = {
			isa = PBXGroup;
			children = (
				8E26BAE8257DACA400978446 /* Renderer.swift */,
			);
			path = Renderer;
			sourceTree = "<group>";
		};
		EE01F87C25873FF30044A160 /* MeshCapture */ = {
			isa = PBXGroup;
			children = (
				EE6752A82588BB5F00F6FF89 /* ExtensionForMeshCapture.swift */,
				EE01F87D258740090044A160 /* MeshCapture.storyboard */,
				EE67529E2588BB1500F6FF89 /* MeshCaptureViewController.swift */,
				EE6752A32588BB4000F6FF89 /* MeshCaptureViewController+CoachingOverlay.swift */,
			);
			path = MeshCapture;
			sourceTree = "<group>";
		};
		EE01F8882587439F0044A160 /* Home */ = {
			isa = PBXGroup;
			children = (
				EE01F882258743960044A160 /* Home.storyboard */,
				EE01F889258743B00044A160 /* HomeViewController.swift */,
			);
			path = Home;
			sourceTree = "<group>";
		};
		EE06878225A695C800A8FD4E /* VTKViewer */ = {
			isa = PBXGroup;
			children = (
				EE864ECE25ABEDB100494C19 /* VTKProcessors */,
				EE06878525A6960000A8FD4E /* VTKGestureHandler */,
				EE06878425A695F800A8FD4E /* VTKIO */,
				EE06878325A695E500A8FD4E /* VTKView */,
				EE68759625A4692B00FDAA7C /* VTKViewerViewController.h */,
				EE68759525A4692B00FDAA7C /* VTKViewerViewController.mm */,
				EE6875B025A5453800FDAA7C /* VTKViewer.storyboard */,
			);
			path = VTKViewer;
			sourceTree = "<group>";
		};
		EE06878325A695E500A8FD4E /* VTKView */ = {
			isa = PBXGroup;
			children = (
				EE6875A625A4698700FDAA7C /* VTKView.h */,
				EE6875A525A4698700FDAA7C /* VTKView.mm */,
			);
			path = VTKView;
			sourceTree = "<group>";
		};
		EE06878425A695F800A8FD4E /* VTKIO */ = {
			isa = PBXGroup;
			children = (
				8EE6555425A9BAFB00CB4BF3 /* VTKExporter.h */,
				8EE6554C25A9BACD00CB4BF3 /* VTKExporter.mm */,
				EE68758F25A4681B00FDAA7C /* VTKLoader.h */,
				EE68759025A4681B00FDAA7C /* VTKLoader.mm */,
			);
			path = VTKIO;
			sourceTree = "<group>";
		};
		EE06878525A6960000A8FD4E /* VTKGestureHandler */ = {
			isa = PBXGroup;
			children = (
				EE68759F25A4696600FDAA7C /* VTKGestureHandler.h */,
				EE6875A025A4696700FDAA7C /* VTKGestureHandler.mm */,
			);
			path = VTKGestureHandler;
			sourceTree = "<group>";
		};
		EE29199425885366003E9C7C /* Services */ = {
			isa = PBXGroup;
			children = (
				EE29198F25884116003E9C7C /* PointCloudCaptureRenderingService.swift */,
			);
			path = Services;
			sourceTree = "<group>";
		};
		EE34F6BE258C5D130028EC3F /* Frameworks */ = {
			isa = PBXGroup;
			children = (
				EE68756225A42AFC00FDAA7C /* vtk.framework */,
			);
			name = Frameworks;
			sourceTree = "<group>";
		};
		EE68759B25A4693100FDAA7C /* C++ */ = {
			isa = PBXGroup;
			children = (
				EE68749E258C708400FDAA7C /* Wrapper.cpp */,
			);
			path = "C++";
			sourceTree = "<group>";
		};
		EE864ECE25ABEDB100494C19 /* VTKProcessors */ = {
			isa = PBXGroup;
			children = (
				EE864ED725ABEDE700494C19 /* VTKPointsProcessors.h */,
				EE864EDB25ABEE7400494C19 /* VTKPointsProcessors.mm */,
				EE675FD625AD397000637ABE /* VTKPolyDataProcessors.h */,
				EE675FD125AD38FA00637ABE /* VTKPolyDataProcessors.mm */,
			);
			path = VTKProcessors;
			sourceTree = "<group>";
		};
		EEBA7B6525835F8A0000AD1A /* SCNViewer */ = {
			isa = PBXGroup;
			children = (
				EECF26252589BEE20007746A /* PolygonFileFormat+Ascii.swift */,
				EEBA7B692583607B0000AD1A /* SCNViewerViewModel.swift */,
				EEBA7B582583432C0000AD1A /* SCNViewerViewModel+SCN.swift */,
				EE6752BE2589962D00F6FF89 /* SCNViewerViewModel+PLY.swift */,
				EEBA7B6025835F700000AD1A /* SCNViewerViewController.swift */,
			);
			path = SCNViewer;
			sourceTree = "<group>";
		};
		EECB604A25AED0D000B40EE4 /* test3dFiles */ = {
			isa = PBXGroup;
			children = (
				EE92B11225AF0AAC00627DF9 /* keyboard_capture.ply */,
				EECB607C25AEDC9800B40EE4 /* Menger_sponge_cloud_640.ply */,
				EECB604E25AED0FE00B40EE4 /* cube.vtk */,
				EECB604F25AED0FF00B40EE4 /* dice.obj */,
				EECB604B25AED0FE00B40EE4 /* dude_small_point_cloud.ply */,
				EECB604D25AED0FE00B40EE4 /* glucose.xyz */,
				EECB605125AED0FF00B40EE4 /* Menger_sponge_sample.stl */,
			);
			path = test3dFiles;
			sourceTree = "<group>";
		};
		EEE9034B257DD41700A682D8 /* Metal */ = {
			isa = PBXGroup;
			children = (
				8E26BAE5257DACA400978446 /* Shaders.metal */,
				8E26BAE4257DACA400978446 /* ShaderTypes.h */,
				8E26BAE7257DACA400978446 /* Helpers.swift */,
				8E26BAE6257DACA400978446 /* MetalBuffer.swift */,
				EE01F85425871CA20044A160 /* Renderer */,
			);
			path = Metal;
			sourceTree = "<group>";
		};
		EEE90356257DDD1000A682D8 /* PointCloudCapture */ = {
			isa = PBXGroup;
			children = (
				EE01F86225873A5F0044A160 /* PointCloudCapture.storyboard */,
				EE2919A225885BC7003E9C7C /* PointCloudCaptureViewModel.swift */,
				8E26BAB5257DAC0200978446 /* PointCloudCaptureViewController.swift */,
				EEB0BE73258762C9008D1D0B /* PointCloudCaptureViewController+CoachingOverlay.swift */,
				EE2919B325885F7A003E9C7C /* PointCloudCaptureViewController+ARSessionDelegate.swift */,
			);
			path = PointCloudCapture;
			sourceTree = "<group>";
		};
/* End PBXGroup section */

/* Begin PBXNativeTarget section */
		8E26BAAD257DAC0200978446 /* PointCloudKit */ = {
			isa = PBXNativeTarget;
			buildConfigurationList = 8E26BAD8257DAC0500978446 /* Build configuration list for PBXNativeTarget "PointCloudKit" */;
			buildPhases = (
				8E26BAAA257DAC0200978446 /* Sources */,
				8E26BAAB257DAC0200978446 /* Frameworks */,
				8E26BAAC257DAC0200978446 /* Resources */,
				EEE90352257DD86900A682D8 /* ShellScript */,
			);
			buildRules = (
			);
			dependencies = (
			);
			name = PointCloudKit;
			packageProductDependencies = (
				EEE90364257DFFB700A682D8 /* SnapKit */,
			);
			productName = Metra;
			productReference = 8E26BAAE257DAC0200978446 /* PointCloudKit.app */;
			productType = "com.apple.product-type.application";
		};
		8E26BAC3257DAC0500978446 /* PointCloudKitTests */ = {
			isa = PBXNativeTarget;
			buildConfigurationList = 8E26BADB257DAC0500978446 /* Build configuration list for PBXNativeTarget "PointCloudKitTests" */;
			buildPhases = (
				8E26BAC0257DAC0500978446 /* Sources */,
				8E26BAC1257DAC0500978446 /* Frameworks */,
				8E26BAC2257DAC0500978446 /* Resources */,
			);
			buildRules = (
			);
			dependencies = (
				8E26BAC6257DAC0500978446 /* PBXTargetDependency */,
			);
			name = PointCloudKitTests;
			productName = MetraTests;
			productReference = 8E26BAC4257DAC0500978446 /* PointCloudKitTests.xctest */;
			productType = "com.apple.product-type.bundle.unit-test";
		};
		8E26BACE257DAC0500978446 /* PointCloudKitUITests */ = {
			isa = PBXNativeTarget;
			buildConfigurationList = 8E26BADE257DAC0500978446 /* Build configuration list for PBXNativeTarget "PointCloudKitUITests" */;
			buildPhases = (
				8E26BACB257DAC0500978446 /* Sources */,
				8E26BACC257DAC0500978446 /* Frameworks */,
				8E26BACD257DAC0500978446 /* Resources */,
			);
			buildRules = (
			);
			dependencies = (
				8E26BAD1257DAC0500978446 /* PBXTargetDependency */,
			);
			name = PointCloudKitUITests;
			productName = MetraUITests;
			productReference = 8E26BACF257DAC0500978446 /* PointCloudKitUITests.xctest */;
			productType = "com.apple.product-type.bundle.ui-testing";
		};
/* End PBXNativeTarget section */

/* Begin PBXProject section */
		8E26BAA6257DAC0200978446 /* Project object */ = {
			isa = PBXProject;
			attributes = {
				LastSwiftUpdateCheck = 1220;
				LastUpgradeCheck = 1220;
				TargetAttributes = {
					8E26BAAD257DAC0200978446 = {
						CreatedOnToolsVersion = 12.2;
					};
					8E26BAC3257DAC0500978446 = {
						CreatedOnToolsVersion = 12.2;
						TestTargetID = 8E26BAAD257DAC0200978446;
					};
					8E26BACE257DAC0500978446 = {
						CreatedOnToolsVersion = 12.2;
						TestTargetID = 8E26BAAD257DAC0200978446;
					};
				};
			};
			buildConfigurationList = 8E26BAA9257DAC0200978446 /* Build configuration list for PBXProject "PointCloudKit" */;
			compatibilityVersion = "Xcode 9.3";
			developmentRegion = en;
			hasScannedForEncodings = 0;
			knownRegions = (
				en,
				Base,
			);
			mainGroup = 8E26BAA5257DAC0200978446;
			packageReferences = (
				EEE90363257DFFB700A682D8 /* XCRemoteSwiftPackageReference "SnapKit" */,
			);
			productRefGroup = 8E26BAAF257DAC0200978446 /* Products */;
			projectDirPath = "";
			projectRoot = "";
			targets = (
				8E26BAAD257DAC0200978446 /* PointCloudKit */,
				8E26BAC3257DAC0500978446 /* PointCloudKitTests */,
				8E26BACE257DAC0500978446 /* PointCloudKitUITests */,
			);
		};
/* End PBXProject section */

/* Begin PBXResourcesBuildPhase section */
		8E26BAAC257DAC0200978446 /* Resources */ = {
			isa = PBXResourcesBuildPhase;
			buildActionMask = 2147483647;
			files = (
				EE01F884258743960044A160 /* Home.storyboard in Resources */,
				EE6875B125A5453800FDAA7C /* VTKViewer.storyboard in Resources */,
				8E5B4709259AC20400FE4AF7 /* About.storyboard in Resources */,
				EE01F87E258740090044A160 /* MeshCapture.storyboard in Resources */,
				8E26BABE257DAC0500978446 /* LaunchScreen.storyboard in Resources */,
				8E26BABB257DAC0500978446 /* Assets.xcassets in Resources */,
				EE01F86425873A5F0044A160 /* PointCloudCapture.storyboard in Resources */,
				EE92B11625AF0B1000627DF9 /* keyboard_capture.ply in Resources */,
				8E26BAB9257DAC0200978446 /* Main.storyboard in Resources */,
			);
			runOnlyForDeploymentPostprocessing = 0;
		};
		8E26BAC2257DAC0500978446 /* Resources */ = {
			isa = PBXResourcesBuildPhase;
			buildActionMask = 2147483647;
			files = (
			);
			runOnlyForDeploymentPostprocessing = 0;
		};
		8E26BACD257DAC0500978446 /* Resources */ = {
			isa = PBXResourcesBuildPhase;
			buildActionMask = 2147483647;
			files = (
			);
			runOnlyForDeploymentPostprocessing = 0;
		};
/* End PBXResourcesBuildPhase section */

/* Begin PBXShellScriptBuildPhase section */
		EEE90352257DD86900A682D8 /* ShellScript */ = {
			isa = PBXShellScriptBuildPhase;
			buildActionMask = 2147483647;
			files = (
			);
			inputFileListPaths = (
			);
			inputPaths = (
			);
			outputFileListPaths = (
			);
			outputPaths = (
			);
			runOnlyForDeploymentPostprocessing = 0;
			shellPath = /bin/sh;
			shellScript = "if which swiftlint >/dev/null; then\n  swiftlint\nelse\n  echo \"warning: SwiftLint not installed, download from https://github.com/realm/SwiftLint\"\nfi\n";
		};
/* End PBXShellScriptBuildPhase section */

/* Begin PBXSourcesBuildPhase section */
		8E26BAAA257DAC0200978446 /* Sources */ = {
			isa = PBXSourcesBuildPhase;
			buildActionMask = 2147483647;
			files = (
				EE6752B12588BE3500F6FF89 /* AppNavigationController.swift in Sources */,
				EEB0BE74258762C9008D1D0B /* PointCloudCaptureViewController+CoachingOverlay.swift in Sources */,
				EE6752A92588BB5F00F6FF89 /* ExtensionForMeshCapture.swift in Sources */,
				EE2919AC25885DF7003E9C7C /* MTKView+RenderDestinationProvider.swift in Sources */,
				EE6875A725A4698700FDAA7C /* VTKView.mm in Sources */,
				8E26BAE9257DACA400978446 /* Shaders.metal in Sources */,
				EE2919A325885BC7003E9C7C /* PointCloudCaptureViewModel.swift in Sources */,
				EE0122912589E07B006AEC97 /* Vertex.swift in Sources */,
				EE864EDC25ABEE7400494C19 /* VTKPointsProcessors.mm in Sources */,
				8E26BAEA257DACA400978446 /* MetalBuffer.swift in Sources */,
				EE68749F258C708400FDAA7C /* Wrapper.cpp in Sources */,
				EE6752BF2589962D00F6FF89 /* SCNViewerViewModel+PLY.swift in Sources */,
				8E26BAB6257DAC0200978446 /* PointCloudCaptureViewController.swift in Sources */,
				8E5B470E259AC20E00FE4AF7 /* AboutViewController.swift in Sources */,
				8EE6554D25A9BACD00CB4BF3 /* VTKExporter.mm in Sources */,
				8E4F2DF82597145C001553B2 /* AboutViewModel.swift in Sources */,
				EE675FD225AD38FA00637ABE /* VTKPolyDataProcessors.mm in Sources */,
				EE29199B258857F5003E9C7C /* PointCloudCaptureRenderingService.swift in Sources */,
				EEBA7B6A2583607B0000AD1A /* SCNViewerViewModel.swift in Sources */,
				8E26BAEB257DACA400978446 /* Helpers.swift in Sources */,
				EE68759725A4692B00FDAA7C /* VTKViewerViewController.mm in Sources */,
				EECF26262589BEE20007746A /* PolygonFileFormat+Ascii.swift in Sources */,
				EE0122962589E083006AEC97 /* PolygonFileFormat.swift in Sources */,
				EEBA7B592583432C0000AD1A /* SCNViewerViewModel+SCN.swift in Sources */,
				EE67529F2588BB1500F6FF89 /* MeshCaptureViewController.swift in Sources */,
				8EE6553925A9873400CB4BF3 /* UIButton+IBDesignable.swift in Sources */,
				8E26BAEC257DACA400978446 /* Renderer.swift in Sources */,
				EE5843922589EF740026F6FA /* UTType+PolygonFileFormat.swift in Sources */,
				EE6752A42588BB4000F6FF89 /* MeshCaptureViewController+CoachingOverlay.swift in Sources */,
				EEBA7B6125835F700000AD1A /* SCNViewerViewController.swift in Sources */,
				EEE9036A257E02C100A682D8 /* UIView+blur.swift in Sources */,
				8E5B4716259C085800FE4AF7 /* UIViewController+ARKitSupportCheck.swift in Sources */,
				EE01F87525873D360044A160 /* UIColor+Palette.swift in Sources */,
				8E26BAB2257DAC0200978446 /* AppDelegate.swift in Sources */,
				EE6875A125A4696700FDAA7C /* VTKGestureHandler.mm in Sources */,
				EE68759125A4681B00FDAA7C /* VTKLoader.mm in Sources */,
				EE01F88A258743B00044A160 /* HomeViewController.swift in Sources */,
				EE2919B425885F7A003E9C7C /* PointCloudCaptureViewController+ARSessionDelegate.swift in Sources */,
			);
			runOnlyForDeploymentPostprocessing = 0;
		};
		8E26BAC0257DAC0500978446 /* Sources */ = {
			isa = PBXSourcesBuildPhase;
			buildActionMask = 2147483647;
			files = (
				8E26BAC9257DAC0500978446 /* MetraTests.swift in Sources */,
			);
			runOnlyForDeploymentPostprocessing = 0;
		};
		8E26BACB257DAC0500978446 /* Sources */ = {
			isa = PBXSourcesBuildPhase;
			buildActionMask = 2147483647;
			files = (
				8E26BAD4257DAC0500978446 /* MetraUITests.swift in Sources */,
			);
			runOnlyForDeploymentPostprocessing = 0;
		};
/* End PBXSourcesBuildPhase section */

/* Begin PBXTargetDependency section */
		8E26BAC6257DAC0500978446 /* PBXTargetDependency */ = {
			isa = PBXTargetDependency;
			target = 8E26BAAD257DAC0200978446 /* PointCloudKit */;
			targetProxy = 8E26BAC5257DAC0500978446 /* PBXContainerItemProxy */;
		};
		8E26BAD1257DAC0500978446 /* PBXTargetDependency */ = {
			isa = PBXTargetDependency;
			target = 8E26BAAD257DAC0200978446 /* PointCloudKit */;
			targetProxy = 8E26BAD0257DAC0500978446 /* PBXContainerItemProxy */;
		};
/* End PBXTargetDependency section */

/* Begin PBXVariantGroup section */
		8E26BAB7257DAC0200978446 /* Main.storyboard */ = {
			isa = PBXVariantGroup;
			children = (
				8E26BAB8257DAC0200978446 /* Base */,
			);
			name = Main.storyboard;
			sourceTree = "<group>";
		};
		8E26BABC257DAC0500978446 /* LaunchScreen.storyboard */ = {
			isa = PBXVariantGroup;
			children = (
				8E26BABD257DAC0500978446 /* Base */,
			);
			name = LaunchScreen.storyboard;
			sourceTree = "<group>";
		};
		EE01F86225873A5F0044A160 /* PointCloudCapture.storyboard */ = {
			isa = PBXVariantGroup;
			children = (
				EE01F86325873A5F0044A160 /* Base */,
			);
			name = PointCloudCapture.storyboard;
			sourceTree = "<group>";
		};
		EE01F882258743960044A160 /* Home.storyboard */ = {
			isa = PBXVariantGroup;
			children = (
				EE01F883258743960044A160 /* Base */,
			);
			name = Home.storyboard;
			sourceTree = "<group>";
		};
/* End PBXVariantGroup section */

/* Begin XCBuildConfiguration section */
		8E26BAD6257DAC0500978446 /* Debug */ = {
			isa = XCBuildConfiguration;
			buildSettings = {
				ALWAYS_SEARCH_USER_PATHS = NO;
				CLANG_ANALYZER_NONNULL = YES;
				CLANG_ANALYZER_NUMBER_OBJECT_CONVERSION = YES_AGGRESSIVE;
				CLANG_CXX_LANGUAGE_STANDARD = "gnu++14";
				CLANG_CXX_LIBRARY = "libc++";
				CLANG_ENABLE_MODULES = YES;
				CLANG_ENABLE_OBJC_ARC = YES;
				CLANG_ENABLE_OBJC_WEAK = YES;
				CLANG_WARN_BLOCK_CAPTURE_AUTORELEASING = YES;
				CLANG_WARN_BOOL_CONVERSION = YES;
				CLANG_WARN_COMMA = YES;
				CLANG_WARN_CONSTANT_CONVERSION = YES;
				CLANG_WARN_DEPRECATED_OBJC_IMPLEMENTATIONS = YES;
				CLANG_WARN_DIRECT_OBJC_ISA_USAGE = YES_ERROR;
				CLANG_WARN_DOCUMENTATION_COMMENTS = YES;
				CLANG_WARN_EMPTY_BODY = YES;
				CLANG_WARN_ENUM_CONVERSION = YES;
				CLANG_WARN_INFINITE_RECURSION = YES;
				CLANG_WARN_INT_CONVERSION = YES;
				CLANG_WARN_NON_LITERAL_NULL_CONVERSION = YES;
				CLANG_WARN_OBJC_IMPLICIT_RETAIN_SELF = YES;
				CLANG_WARN_OBJC_LITERAL_CONVERSION = YES;
				CLANG_WARN_OBJC_ROOT_CLASS = YES_ERROR;
				CLANG_WARN_QUOTED_INCLUDE_IN_FRAMEWORK_HEADER = YES;
				CLANG_WARN_RANGE_LOOP_ANALYSIS = YES;
				CLANG_WARN_STRICT_PROTOTYPES = YES;
				CLANG_WARN_SUSPICIOUS_MOVE = YES;
				CLANG_WARN_UNGUARDED_AVAILABILITY = YES_AGGRESSIVE;
				CLANG_WARN_UNREACHABLE_CODE = YES;
				CLANG_WARN__DUPLICATE_METHOD_MATCH = YES;
				COPY_PHASE_STRIP = NO;
				DEBUG_INFORMATION_FORMAT = dwarf;
				ENABLE_STRICT_OBJC_MSGSEND = YES;
				ENABLE_TESTABILITY = YES;
				GCC_C_LANGUAGE_STANDARD = gnu11;
				GCC_DYNAMIC_NO_PIC = NO;
				GCC_NO_COMMON_BLOCKS = YES;
				GCC_OPTIMIZATION_LEVEL = 0;
				GCC_PREPROCESSOR_DEFINITIONS = (
					"DEBUG=1",
					"$(inherited)",
				);
				GCC_WARN_64_TO_32_BIT_CONVERSION = YES;
				GCC_WARN_ABOUT_RETURN_TYPE = YES_ERROR;
				GCC_WARN_UNDECLARED_SELECTOR = YES;
				GCC_WARN_UNINITIALIZED_AUTOS = YES_AGGRESSIVE;
				GCC_WARN_UNUSED_FUNCTION = YES;
				GCC_WARN_UNUSED_VARIABLE = YES;
				IPHONEOS_DEPLOYMENT_TARGET = 14.3;
				MTL_ENABLE_DEBUG_INFO = INCLUDE_SOURCE;
				MTL_FAST_MATH = YES;
				ONLY_ACTIVE_ARCH = YES;
				SDKROOT = iphoneos;
				SWIFT_ACTIVE_COMPILATION_CONDITIONS = DEBUG;
				SWIFT_OPTIMIZATION_LEVEL = "-Onone";
				SWIFT_VERSION = 5.0;
			};
			name = Debug;
		};
		8E26BAD7257DAC0500978446 /* Release */ = {
			isa = XCBuildConfiguration;
			buildSettings = {
				ALWAYS_SEARCH_USER_PATHS = NO;
				CLANG_ANALYZER_NONNULL = YES;
				CLANG_ANALYZER_NUMBER_OBJECT_CONVERSION = YES_AGGRESSIVE;
				CLANG_CXX_LANGUAGE_STANDARD = "gnu++14";
				CLANG_CXX_LIBRARY = "libc++";
				CLANG_ENABLE_MODULES = YES;
				CLANG_ENABLE_OBJC_ARC = YES;
				CLANG_ENABLE_OBJC_WEAK = YES;
				CLANG_WARN_BLOCK_CAPTURE_AUTORELEASING = YES;
				CLANG_WARN_BOOL_CONVERSION = YES;
				CLANG_WARN_COMMA = YES;
				CLANG_WARN_CONSTANT_CONVERSION = YES;
				CLANG_WARN_DEPRECATED_OBJC_IMPLEMENTATIONS = YES;
				CLANG_WARN_DIRECT_OBJC_ISA_USAGE = YES_ERROR;
				CLANG_WARN_DOCUMENTATION_COMMENTS = YES;
				CLANG_WARN_EMPTY_BODY = YES;
				CLANG_WARN_ENUM_CONVERSION = YES;
				CLANG_WARN_INFINITE_RECURSION = YES;
				CLANG_WARN_INT_CONVERSION = YES;
				CLANG_WARN_NON_LITERAL_NULL_CONVERSION = YES;
				CLANG_WARN_OBJC_IMPLICIT_RETAIN_SELF = YES;
				CLANG_WARN_OBJC_LITERAL_CONVERSION = YES;
				CLANG_WARN_OBJC_ROOT_CLASS = YES_ERROR;
				CLANG_WARN_QUOTED_INCLUDE_IN_FRAMEWORK_HEADER = YES;
				CLANG_WARN_RANGE_LOOP_ANALYSIS = YES;
				CLANG_WARN_STRICT_PROTOTYPES = YES;
				CLANG_WARN_SUSPICIOUS_MOVE = YES;
				CLANG_WARN_UNGUARDED_AVAILABILITY = YES_AGGRESSIVE;
				CLANG_WARN_UNREACHABLE_CODE = YES;
				CLANG_WARN__DUPLICATE_METHOD_MATCH = YES;
				COPY_PHASE_STRIP = NO;
				DEBUG_INFORMATION_FORMAT = "dwarf-with-dsym";
				ENABLE_NS_ASSERTIONS = NO;
				ENABLE_STRICT_OBJC_MSGSEND = YES;
				GCC_C_LANGUAGE_STANDARD = gnu11;
				GCC_NO_COMMON_BLOCKS = YES;
				GCC_WARN_64_TO_32_BIT_CONVERSION = YES;
				GCC_WARN_ABOUT_RETURN_TYPE = YES_ERROR;
				GCC_WARN_UNDECLARED_SELECTOR = YES;
				GCC_WARN_UNINITIALIZED_AUTOS = YES_AGGRESSIVE;
				GCC_WARN_UNUSED_FUNCTION = YES;
				GCC_WARN_UNUSED_VARIABLE = YES;
				IPHONEOS_DEPLOYMENT_TARGET = 14.3;
				MTL_ENABLE_DEBUG_INFO = NO;
				MTL_FAST_MATH = YES;
				SDKROOT = iphoneos;
				SWIFT_COMPILATION_MODE = wholemodule;
				SWIFT_OPTIMIZATION_LEVEL = "-O";
				SWIFT_VERSION = 5.0;
				VALIDATE_PRODUCT = YES;
			};
			name = Release;
		};
		8E26BAD9257DAC0500978446 /* Debug */ = {
			isa = XCBuildConfiguration;
			buildSettings = {
				ASSETCATALOG_COMPILER_APPICON_NAME = AppIcon;
				ASSETCATALOG_COMPILER_GLOBAL_ACCENT_COLOR_NAME = Amazon;
				CODE_SIGN_ENTITLEMENTS = PointCloudKit/Resources/PointCloudKit.entitlements;
				CODE_SIGN_STYLE = Automatic;
				CURRENT_PROJECT_VERSION = 11;
				DEFINES_MODULE = YES;
				DEVELOPMENT_TEAM = H2694FBVFN;
				FRAMEWORK_SEARCH_PATHS = (
					"$(inherited)",
					"$(PROJECT_DIR)",
					/usr/local/Frameworks,
				);
				INFOPLIST_FILE = PointCloudKit/Resources/Info.plist;
				IPHONEOS_DEPLOYMENT_TARGET = 14.0;
				LD_RUNPATH_SEARCH_PATHS = (
					"$(inherited)",
					"@executable_path/Frameworks",
				);
				MARKETING_VERSION = 1.1;
				OTHER_LDFLAGS = "";
				PRODUCT_BUNDLE_IDENTIFIER = com.metra.Metra;
				PRODUCT_NAME = "$(TARGET_NAME)";
				SWIFT_OBJC_BRIDGING_HEADER = "PointCloudKit/Resources/PointCloudKit-Bridging-Header.h";
				SWIFT_VERSION = 5.0;
				TARGETED_DEVICE_FAMILY = "1,2";
				USER_HEADER_SEARCH_PATHS = "";
			};
			name = Debug;
		};
		8E26BADA257DAC0500978446 /* Release */ = {
			isa = XCBuildConfiguration;
			buildSettings = {
				ASSETCATALOG_COMPILER_APPICON_NAME = AppIcon;
				ASSETCATALOG_COMPILER_GLOBAL_ACCENT_COLOR_NAME = Amazon;
				CODE_SIGN_ENTITLEMENTS = PointCloudKit/Resources/PointCloudKit.entitlements;
				CODE_SIGN_STYLE = Automatic;
				CURRENT_PROJECT_VERSION = 11;
				DEFINES_MODULE = YES;
				DEVELOPMENT_TEAM = H2694FBVFN;
				FRAMEWORK_SEARCH_PATHS = (
					"$(inherited)",
					"$(PROJECT_DIR)",
					/usr/local/Frameworks,
				);
				INFOPLIST_FILE = PointCloudKit/Resources/Info.plist;
				IPHONEOS_DEPLOYMENT_TARGET = 14.0;
				LD_RUNPATH_SEARCH_PATHS = (
					"$(inherited)",
					"@executable_path/Frameworks",
				);
				MARKETING_VERSION = 1.1;
				OTHER_LDFLAGS = "";
				PRODUCT_BUNDLE_IDENTIFIER = com.metra.Metra;
				PRODUCT_NAME = "$(TARGET_NAME)";
				SWIFT_OBJC_BRIDGING_HEADER = "PointCloudKit/Resources/PointCloudKit-Bridging-Header.h";
				SWIFT_VERSION = 5.0;
				TARGETED_DEVICE_FAMILY = "1,2";
				USER_HEADER_SEARCH_PATHS = "";
			};
			name = Release;
		};
		8E26BADC257DAC0500978446 /* Debug */ = {
			isa = XCBuildConfiguration;
			buildSettings = {
				ALWAYS_EMBED_SWIFT_STANDARD_LIBRARIES = YES;
				BUNDLE_LOADER = "$(TEST_HOST)";
				CODE_SIGN_STYLE = Automatic;
				DEVELOPMENT_TEAM = H2694FBVFN;
				INFOPLIST_FILE = MetraTests/Info.plist;
				IPHONEOS_DEPLOYMENT_TARGET = 14.2;
				LD_RUNPATH_SEARCH_PATHS = (
					"$(inherited)",
					"@executable_path/Frameworks",
					"@loader_path/Frameworks",
				);
				PRODUCT_BUNDLE_IDENTIFIER = com.metra.MetraTests;
				PRODUCT_NAME = "$(TARGET_NAME)";
				SWIFT_VERSION = 5.0;
				TARGETED_DEVICE_FAMILY = "1,2";
				TEST_HOST = "$(BUILT_PRODUCTS_DIR)/PointCloudKit.app/PointCloudKit";
			};
			name = Debug;
		};
		8E26BADD257DAC0500978446 /* Release */ = {
			isa = XCBuildConfiguration;
			buildSettings = {
				ALWAYS_EMBED_SWIFT_STANDARD_LIBRARIES = YES;
				BUNDLE_LOADER = "$(TEST_HOST)";
				CODE_SIGN_STYLE = Automatic;
				DEVELOPMENT_TEAM = H2694FBVFN;
				INFOPLIST_FILE = MetraTests/Info.plist;
				IPHONEOS_DEPLOYMENT_TARGET = 14.2;
				LD_RUNPATH_SEARCH_PATHS = (
					"$(inherited)",
					"@executable_path/Frameworks",
					"@loader_path/Frameworks",
				);
				PRODUCT_BUNDLE_IDENTIFIER = com.metra.MetraTests;
				PRODUCT_NAME = "$(TARGET_NAME)";
				SWIFT_VERSION = 5.0;
				TARGETED_DEVICE_FAMILY = "1,2";
				TEST_HOST = "$(BUILT_PRODUCTS_DIR)/PointCloudKit.app/PointCloudKit";
			};
			name = Release;
		};
		8E26BADF257DAC0500978446 /* Debug */ = {
			isa = XCBuildConfiguration;
			buildSettings = {
				ALWAYS_EMBED_SWIFT_STANDARD_LIBRARIES = YES;
				CODE_SIGN_STYLE = Automatic;
				DEVELOPMENT_TEAM = H2694FBVFN;
				INFOPLIST_FILE = MetraUITests/Info.plist;
				LD_RUNPATH_SEARCH_PATHS = (
					"$(inherited)",
					"@executable_path/Frameworks",
					"@loader_path/Frameworks",
				);
				PRODUCT_BUNDLE_IDENTIFIER = com.metra.MetraUITests;
				PRODUCT_NAME = "$(TARGET_NAME)";
				SWIFT_VERSION = 5.0;
				TARGETED_DEVICE_FAMILY = "1,2";
				TEST_TARGET_NAME = Metra;
			};
			name = Debug;
		};
		8E26BAE0257DAC0500978446 /* Release */ = {
			isa = XCBuildConfiguration;
			buildSettings = {
				ALWAYS_EMBED_SWIFT_STANDARD_LIBRARIES = YES;
				CODE_SIGN_STYLE = Automatic;
				DEVELOPMENT_TEAM = H2694FBVFN;
				INFOPLIST_FILE = MetraUITests/Info.plist;
				LD_RUNPATH_SEARCH_PATHS = (
					"$(inherited)",
					"@executable_path/Frameworks",
					"@loader_path/Frameworks",
				);
				PRODUCT_BUNDLE_IDENTIFIER = com.metra.MetraUITests;
				PRODUCT_NAME = "$(TARGET_NAME)";
				SWIFT_VERSION = 5.0;
				TARGETED_DEVICE_FAMILY = "1,2";
				TEST_TARGET_NAME = Metra;
			};
			name = Release;
		};
/* End XCBuildConfiguration section */

/* Begin XCConfigurationList section */
		8E26BAA9257DAC0200978446 /* Build configuration list for PBXProject "PointCloudKit" */ = {
			isa = XCConfigurationList;
			buildConfigurations = (
				8E26BAD6257DAC0500978446 /* Debug */,
				8E26BAD7257DAC0500978446 /* Release */,
			);
			defaultConfigurationIsVisible = 0;
			defaultConfigurationName = Release;
		};
		8E26BAD8257DAC0500978446 /* Build configuration list for PBXNativeTarget "PointCloudKit" */ = {
			isa = XCConfigurationList;
			buildConfigurations = (
				8E26BAD9257DAC0500978446 /* Debug */,
				8E26BADA257DAC0500978446 /* Release */,
			);
			defaultConfigurationIsVisible = 0;
			defaultConfigurationName = Release;
		};
		8E26BADB257DAC0500978446 /* Build configuration list for PBXNativeTarget "PointCloudKitTests" */ = {
			isa = XCConfigurationList;
			buildConfigurations = (
				8E26BADC257DAC0500978446 /* Debug */,
				8E26BADD257DAC0500978446 /* Release */,
			);
			defaultConfigurationIsVisible = 0;
			defaultConfigurationName = Release;
		};
		8E26BADE257DAC0500978446 /* Build configuration list for PBXNativeTarget "PointCloudKitUITests" */ = {
			isa = XCConfigurationList;
			buildConfigurations = (
				8E26BADF257DAC0500978446 /* Debug */,
				8E26BAE0257DAC0500978446 /* Release */,
			);
			defaultConfigurationIsVisible = 0;
			defaultConfigurationName = Release;
		};
/* End XCConfigurationList section */

/* Begin XCRemoteSwiftPackageReference section */
		EEE90363257DFFB700A682D8 /* XCRemoteSwiftPackageReference "SnapKit" */ = {
			isa = XCRemoteSwiftPackageReference;
			repositoryURL = "https://github.com/SnapKit/SnapKit.git";
			requirement = {
				kind = upToNextMajorVersion;
				minimumVersion = 5.0.1;
			};
		};
/* End XCRemoteSwiftPackageReference section */

/* Begin XCSwiftPackageProductDependency section */
		EEE90364257DFFB700A682D8 /* SnapKit */ = {
			isa = XCSwiftPackageProductDependency;
			package = EEE90363257DFFB700A682D8 /* XCRemoteSwiftPackageReference "SnapKit" */;
			productName = SnapKit;
		};
/* End XCSwiftPackageProductDependency section */
	};
	rootObject = 8E26BAA6257DAC0200978446 /* Project object */;
}
